// !$*UTF8*$!
{
	archiveVersion = 1;
	classes = {
	};
	objectVersion = 46;
	objects = {

/* Begin PBXBuildFile section */
		B3138E271A1F289700AE1142 /* abcarray.txt in Resources */ = {isa = PBXBuildFile; fileRef = B3138E221A1F289700AE1142 /* abcarray.txt */; };
		B3138E281A1F289700AE1142 /* abccell.txt in Resources */ = {isa = PBXBuildFile; fileRef = B3138E231A1F289700AE1142 /* abccell.txt */; };
		B3138E291A1F289700AE1142 /* abcgraph.txt in Resources */ = {isa = PBXBuildFile; fileRef = B3138E241A1F289700AE1142 /* abcgraph.txt */; };
		B3138E2A1A1F289700AE1142 /* abcmaze.txt in Resources */ = {isa = PBXBuildFile; fileRef = B3138E251A1F289700AE1142 /* abcmaze.txt */; };
		B3138E2B1A1F289700AE1142 /* abcmazeGenerator.txt in Resources */ = {isa = PBXBuildFile; fileRef = B3138E261A1F289700AE1142 /* abcmazeGenerator.txt */; };
		B3138E2F1A1F298A00AE1142 /* MazeGraph.m in Sources */ = {isa = PBXBuildFile; fileRef = B3138E2E1A1F298A00AE1142 /* MazeGraph.m */; };
		B3EEB4801A1EA87B006DE679 /* main.m in Sources */ = {isa = PBXBuildFile; fileRef = B3EEB47F1A1EA87B006DE679 /* main.m */; };
		B3EEB4831A1EA87B006DE679 /* AppDelegate.m in Sources */ = {isa = PBXBuildFile; fileRef = B3EEB4821A1EA87B006DE679 /* AppDelegate.m */; };
		B3EEB4861A1EA87B006DE679 /* GameScene.m in Sources */ = {isa = PBXBuildFile; fileRef = B3EEB4851A1EA87B006DE679 /* GameScene.m */; };
		B3EEB4881A1EA87B006DE679 /* GameScene.sks in Resources */ = {isa = PBXBuildFile; fileRef = B3EEB4871A1EA87B006DE679 /* GameScene.sks */; };
		B3EEB48B1A1EA87B006DE679 /* GameViewController.m in Sources */ = {isa = PBXBuildFile; fileRef = B3EEB48A1A1EA87B006DE679 /* GameViewController.m */; };
		B3EEB48E1A1EA87B006DE679 /* Main.storyboard in Resources */ = {isa = PBXBuildFile; fileRef = B3EEB48C1A1EA87B006DE679 /* Main.storyboard */; };
		B3EEB4901A1EA87B006DE679 /* Images.xcassets in Resources */ = {isa = PBXBuildFile; fileRef = B3EEB48F1A1EA87B006DE679 /* Images.xcassets */; };
		B3EEB4931A1EA87B006DE679 /* LaunchScreen.xib in Resources */ = {isa = PBXBuildFile; fileRef = B3EEB4911A1EA87B006DE679 /* LaunchScreen.xib */; };
		B3EEB49F1A1EA87C006DE679 /* SpeedMazeTests.m in Sources */ = {isa = PBXBuildFile; fileRef = B3EEB49E1A1EA87C006DE679 /* SpeedMazeTests.m */; };
		B3EEB4AC1A1EA8C5006DE679 /* MazeCell.m in Sources */ = {isa = PBXBuildFile; fileRef = B3EEB4A91A1EA8C5006DE679 /* MazeCell.m */; };
		B3EEB4AD1A1EA8C5006DE679 /* MazeGenerator.m in Sources */ = {isa = PBXBuildFile; fileRef = B3EEB4AB1A1EA8C5006DE679 /* MazeGenerator.m */; };
/* End PBXBuildFile section */

/* Begin PBXContainerItemProxy section */
		B3EEB4991A1EA87C006DE679 /* PBXContainerItemProxy */ = {
			isa = PBXContainerItemProxy;
			containerPortal = B3EEB4721A1EA87B006DE679 /* Project object */;
			proxyType = 1;
			remoteGlobalIDString = B3EEB4791A1EA87B006DE679;
			remoteInfo = SpeedMaze;
		};
/* End PBXContainerItemProxy section */

/* Begin PBXFileReference section */
		B3138E221A1F289700AE1142 /* abcarray.txt */ = {isa = PBXFileReference; fileEncoding = 4; lastKnownFileType = text; path = abcarray.txt; sourceTree = "<group>"; };
		B3138E231A1F289700AE1142 /* abccell.txt */ = {isa = PBXFileReference; fileEncoding = 4; lastKnownFileType = text; path = abccell.txt; sourceTree = "<group>"; };
		B3138E241A1F289700AE1142 /* abcgraph.txt */ = {isa = PBXFileReference; fileEncoding = 4; lastKnownFileType = text; path = abcgraph.txt; sourceTree = "<group>"; };
		B3138E251A1F289700AE1142 /* abcmaze.txt */ = {isa = PBXFileReference; fileEncoding = 4; lastKnownFileType = text; path = abcmaze.txt; sourceTree = "<group>"; };
		B3138E261A1F289700AE1142 /* abcmazeGenerator.txt */ = {isa = PBXFileReference; fileEncoding = 4; lastKnownFileType = text; path = abcmazeGenerator.txt; sourceTree = "<group>"; };
		B3138E2C1A1F293600AE1142 /* MazeGraph.h */ = {isa = PBXFileReference; lastKnownFileType = sourcecode.c.h; path = MazeGraph.h; sourceTree = "<group>"; };
		B3138E2E1A1F298A00AE1142 /* MazeGraph.m */ = {isa = PBXFileReference; fileEncoding = 4; lastKnownFileType = sourcecode.c.objc; path = MazeGraph.m; sourceTree = "<group>"; };
		B3EEB47A1A1EA87B006DE679 /* SpeedMaze.app */ = {isa = PBXFileReference; explicitFileType = wrapper.application; includeInIndex = 0; path = SpeedMaze.app; sourceTree = BUILT_PRODUCTS_DIR; };
		B3EEB47E1A1EA87B006DE679 /* Info.plist */ = {isa = PBXFileReference; lastKnownFileType = text.plist.xml; path = Info.plist; sourceTree = "<group>"; };
		B3EEB47F1A1EA87B006DE679 /* main.m */ = {isa = PBXFileReference; lastKnownFileType = sourcecode.c.objc; path = main.m; sourceTree = "<group>"; };
		B3EEB4811A1EA87B006DE679 /* AppDelegate.h */ = {isa = PBXFileReference; lastKnownFileType = sourcecode.c.h; path = AppDelegate.h; sourceTree = "<group>"; };
		B3EEB4821A1EA87B006DE679 /* AppDelegate.m */ = {isa = PBXFileReference; lastKnownFileType = sourcecode.c.objc; path = AppDelegate.m; sourceTree = "<group>"; };
		B3EEB4841A1EA87B006DE679 /* GameScene.h */ = {isa = PBXFileReference; lastKnownFileType = sourcecode.c.h; path = GameScene.h; sourceTree = "<group>"; };
		B3EEB4851A1EA87B006DE679 /* GameScene.m */ = {isa = PBXFileReference; lastKnownFileType = sourcecode.c.objc; path = GameScene.m; sourceTree = "<group>"; };
		B3EEB4871A1EA87B006DE679 /* GameScene.sks */ = {isa = PBXFileReference; lastKnownFileType = file.sks; path = GameScene.sks; sourceTree = "<group>"; };
		B3EEB4891A1EA87B006DE679 /* GameViewController.h */ = {isa = PBXFileReference; lastKnownFileType = sourcecode.c.h; path = GameViewController.h; sourceTree = "<group>"; };
		B3EEB48A1A1EA87B006DE679 /* GameViewController.m */ = {isa = PBXFileReference; lastKnownFileType = sourcecode.c.objc; path = GameViewController.m; sourceTree = "<group>"; };
		B3EEB48D1A1EA87B006DE679 /* Base */ = {isa = PBXFileReference; lastKnownFileType = file.storyboard; name = Base; path = Base.lproj/Main.storyboard; sourceTree = "<group>"; };
		B3EEB48F1A1EA87B006DE679 /* Images.xcassets */ = {isa = PBXFileReference; lastKnownFileType = folder.assetcatalog; path = Images.xcassets; sourceTree = "<group>"; };
		B3EEB4921A1EA87B006DE679 /* Base */ = {isa = PBXFileReference; lastKnownFileType = file.xib; name = Base; path = Base.lproj/LaunchScreen.xib; sourceTree = "<group>"; };
		B3EEB4981A1EA87C006DE679 /* SpeedMazeTests.xctest */ = {isa = PBXFileReference; explicitFileType = wrapper.cfbundle; includeInIndex = 0; path = SpeedMazeTests.xctest; sourceTree = BUILT_PRODUCTS_DIR; };
		B3EEB49D1A1EA87C006DE679 /* Info.plist */ = {isa = PBXFileReference; lastKnownFileType = text.plist.xml; path = Info.plist; sourceTree = "<group>"; };
		B3EEB49E1A1EA87C006DE679 /* SpeedMazeTests.m */ = {isa = PBXFileReference; lastKnownFileType = sourcecode.c.objc; path = SpeedMazeTests.m; sourceTree = "<group>"; };
		B3EEB4A81A1EA8C5006DE679 /* MazeCell.h */ = {isa = PBXFileReference; fileEncoding = 4; lastKnownFileType = sourcecode.c.h; path = MazeCell.h; sourceTree = "<group>"; };
		B3EEB4A91A1EA8C5006DE679 /* MazeCell.m */ = {isa = PBXFileReference; fileEncoding = 4; lastKnownFileType = sourcecode.c.objc; path = MazeCell.m; sourceTree = "<group>"; };
		B3EEB4AA1A1EA8C5006DE679 /* MazeGenerator.h */ = {isa = PBXFileReference; fileEncoding = 4; lastKnownFileType = sourcecode.c.h; path = MazeGenerator.h; sourceTree = "<group>"; };
		B3EEB4AB1A1EA8C5006DE679 /* MazeGenerator.m */ = {isa = PBXFileReference; fileEncoding = 4; lastKnownFileType = sourcecode.c.objc; path = MazeGenerator.m; sourceTree = "<group>"; };
		B3EEB4AE1A1EA96D006DE679 /* SpeedMaze-Prefix.pch */ = {isa = PBXFileReference; fileEncoding = 4; lastKnownFileType = sourcecode.c.h; path = "SpeedMaze-Prefix.pch"; sourceTree = "<group>"; };
/* End PBXFileReference section */

/* Begin PBXFrameworksBuildPhase section */
		B3EEB4771A1EA87B006DE679 /* Frameworks */ = {
			isa = PBXFrameworksBuildPhase;
			buildActionMask = 2147483647;
			files = (
			);
			runOnlyForDeploymentPostprocessing = 0;
		};
		B3EEB4951A1EA87C006DE679 /* Frameworks */ = {
			isa = PBXFrameworksBuildPhase;
			buildActionMask = 2147483647;
			files = (
			);
			runOnlyForDeploymentPostprocessing = 0;
		};
/* End PBXFrameworksBuildPhase section */

/* Begin PBXGroup section */
		B3138E211A1F289700AE1142 /* SourceCodesHelpFiles */ = {
			isa = PBXGroup;
			children = (
				B3138E221A1F289700AE1142 /* abcarray.txt */,
				B3138E231A1F289700AE1142 /* abccell.txt */,
				B3138E241A1F289700AE1142 /* abcgraph.txt */,
				B3138E251A1F289700AE1142 /* abcmaze.txt */,
				B3138E261A1F289700AE1142 /* abcmazeGenerator.txt */,
			);
			path = SourceCodesHelpFiles;
			sourceTree = "<group>";
		};
		B3EEB4711A1EA87B006DE679 = {
			isa = PBXGroup;
			children = (
				B3EEB4AF1A1EA9A9006DE679 /* Frameworks */,
				B3EEB47C1A1EA87B006DE679 /* SpeedMaze */,
				B3EEB49B1A1EA87C006DE679 /* SpeedMazeTests */,
				B3EEB47B1A1EA87B006DE679 /* Products */,
			);
			sourceTree = "<group>";
		};
		B3EEB47B1A1EA87B006DE679 /* Products */ = {
			isa = PBXGroup;
			children = (
				B3EEB47A1A1EA87B006DE679 /* SpeedMaze.app */,
				B3EEB4981A1EA87C006DE679 /* SpeedMazeTests.xctest */,
			);
			name = Products;
			sourceTree = "<group>";
		};
		B3EEB47C1A1EA87B006DE679 /* SpeedMaze */ = {
			isa = PBXGroup;
			children = (
				B3138E211A1F289700AE1142 /* SourceCodesHelpFiles */,
				B3EEB4811A1EA87B006DE679 /* AppDelegate.h */,
				B3EEB4821A1EA87B006DE679 /* AppDelegate.m */,
				B3EEB4A81A1EA8C5006DE679 /* MazeCell.h */,
				B3EEB4A91A1EA8C5006DE679 /* MazeCell.m */,
				B3EEB4AA1A1EA8C5006DE679 /* MazeGenerator.h */,
				B3EEB4AB1A1EA8C5006DE679 /* MazeGenerator.m */,
				B3138E2C1A1F293600AE1142 /* MazeGraph.h */,
				B3138E2E1A1F298A00AE1142 /* MazeGraph.m */,
				B3EEB4841A1EA87B006DE679 /* GameScene.h */,
				B3EEB4851A1EA87B006DE679 /* GameScene.m */,
				B3EEB4871A1EA87B006DE679 /* GameScene.sks */,
				B3EEB4891A1EA87B006DE679 /* GameViewController.h */,
				B3EEB48A1A1EA87B006DE679 /* GameViewController.m */,
				B3EEB48C1A1EA87B006DE679 /* Main.storyboard */,
				B3EEB48F1A1EA87B006DE679 /* Images.xcassets */,
				B3EEB4911A1EA87B006DE679 /* LaunchScreen.xib */,
				B3EEB47D1A1EA87B006DE679 /* Supporting Files */,
			);
			path = SpeedMaze;
			sourceTree = "<group>";
		};
		B3EEB47D1A1EA87B006DE679 /* Supporting Files */ = {
			isa = PBXGroup;
			children = (
				B3EEB47E1A1EA87B006DE679 /* Info.plist */,
				B3EEB4AE1A1EA96D006DE679 /* SpeedMaze-Prefix.pch */,
				B3EEB47F1A1EA87B006DE679 /* main.m */,
			);
			name = "Supporting Files";
			sourceTree = "<group>";
		};
		B3EEB49B1A1EA87C006DE679 /* SpeedMazeTests */ = {
			isa = PBXGroup;
			children = (
				B3EEB49E1A1EA87C006DE679 /* SpeedMazeTests.m */,
				B3EEB49C1A1EA87C006DE679 /* Supporting Files */,
			);
			path = SpeedMazeTests;
			sourceTree = "<group>";
		};
		B3EEB49C1A1EA87C006DE679 /* Supporting Files */ = {
			isa = PBXGroup;
			children = (
				B3EEB49D1A1EA87C006DE679 /* Info.plist */,
			);
			name = "Supporting Files";
			sourceTree = "<group>";
		};
		B3EEB4AF1A1EA9A9006DE679 /* Frameworks */ = {
			isa = PBXGroup;
			children = (
			);
			name = Frameworks;
			sourceTree = "<group>";
		};
/* End PBXGroup section */

/* Begin PBXNativeTarget section */
		B3EEB4791A1EA87B006DE679 /* SpeedMaze */ = {
			isa = PBXNativeTarget;
			buildConfigurationList = B3EEB4A21A1EA87C006DE679 /* Build configuration list for PBXNativeTarget "SpeedMaze" */;
			buildPhases = (
				B3EEB4761A1EA87B006DE679 /* Sources */,
				B3EEB4771A1EA87B006DE679 /* Frameworks */,
				B3EEB4781A1EA87B006DE679 /* Resources */,
			);
			buildRules = (
			);
			dependencies = (
			);
			name = SpeedMaze;
			productName = SpeedMaze;
			productReference = B3EEB47A1A1EA87B006DE679 /* SpeedMaze.app */;
			productType = "com.apple.product-type.application";
		};
		B3EEB4971A1EA87C006DE679 /* SpeedMazeTests */ = {
			isa = PBXNativeTarget;
			buildConfigurationList = B3EEB4A51A1EA87C006DE679 /* Build configuration list for PBXNativeTarget "SpeedMazeTests" */;
			buildPhases = (
				B3EEB4941A1EA87C006DE679 /* Sources */,
				B3EEB4951A1EA87C006DE679 /* Frameworks */,
				B3EEB4961A1EA87C006DE679 /* Resources */,
			);
			buildRules = (
			);
			dependencies = (
				B3EEB49A1A1EA87C006DE679 /* PBXTargetDependency */,
			);
			name = SpeedMazeTests;
			productName = SpeedMazeTests;
			productReference = B3EEB4981A1EA87C006DE679 /* SpeedMazeTests.xctest */;
			productType = "com.apple.product-type.bundle.unit-test";
		};
/* End PBXNativeTarget section */

/* Begin PBXProject section */
		B3EEB4721A1EA87B006DE679 /* Project object */ = {
			isa = PBXProject;
			attributes = {
				LastUpgradeCheck = 0610;
				ORGANIZATIONNAME = beefSama;
				TargetAttributes = {
					B3EEB4791A1EA87B006DE679 = {
						CreatedOnToolsVersion = 6.1;
					};
					B3EEB4971A1EA87C006DE679 = {
						CreatedOnToolsVersion = 6.1;
						TestTargetID = B3EEB4791A1EA87B006DE679;
					};
				};
			};
			buildConfigurationList = B3EEB4751A1EA87B006DE679 /* Build configuration list for PBXProject "SpeedMaze" */;
			compatibilityVersion = "Xcode 3.2";
			developmentRegion = English;
			hasScannedForEncodings = 0;
			knownRegions = (
				en,
				Base,
			);
			mainGroup = B3EEB4711A1EA87B006DE679;
			productRefGroup = B3EEB47B1A1EA87B006DE679 /* Products */;
			projectDirPath = "";
			projectRoot = "";
			targets = (
				B3EEB4791A1EA87B006DE679 /* SpeedMaze */,
				B3EEB4971A1EA87C006DE679 /* SpeedMazeTests */,
			);
		};
/* End PBXProject section */

/* Begin PBXResourcesBuildPhase section */
		B3EEB4781A1EA87B006DE679 /* Resources */ = {
			isa = PBXResourcesBuildPhase;
			buildActionMask = 2147483647;
			files = (
				B3138E2B1A1F289700AE1142 /* abcmazeGenerator.txt in Resources */,
				B3EEB4931A1EA87B006DE679 /* LaunchScreen.xib in Resources */,
				B3138E281A1F289700AE1142 /* abccell.txt in Resources */,
				B3EEB4901A1EA87B006DE679 /* Images.xcassets in Resources */,
				B3EEB4881A1EA87B006DE679 /* GameScene.sks in Resources */,
				B3138E2A1A1F289700AE1142 /* abcmaze.txt in Resources */,
				B3138E271A1F289700AE1142 /* abcarray.txt in Resources */,
				B3138E291A1F289700AE1142 /* abcgraph.txt in Resources */,
				B3EEB48E1A1EA87B006DE679 /* Main.storyboard in Resources */,
			);
			runOnlyForDeploymentPostprocessing = 0;
		};
		B3EEB4961A1EA87C006DE679 /* Resources */ = {
			isa = PBXResourcesBuildPhase;
			buildActionMask = 2147483647;
			files = (
			);
			runOnlyForDeploymentPostprocessing = 0;
		};
/* End PBXResourcesBuildPhase section */

/* Begin PBXSourcesBuildPhase section */
		B3EEB4761A1EA87B006DE679 /* Sources */ = {
			isa = PBXSourcesBuildPhase;
			buildActionMask = 2147483647;
			files = (
				B3EEB48B1A1EA87B006DE679 /* GameViewController.m in Sources */,
				B3EEB4831A1EA87B006DE679 /* AppDelegate.m in Sources */,
				B3EEB4AD1A1EA8C5006DE679 /* MazeGenerator.m in Sources */,
				B3138E2F1A1F298A00AE1142 /* MazeGraph.m in Sources */,
				B3EEB4861A1EA87B006DE679 /* GameScene.m in Sources */,
				B3EEB4801A1EA87B006DE679 /* main.m in Sources */,
				B3EEB4AC1A1EA8C5006DE679 /* MazeCell.m in Sources */,
			);
			runOnlyForDeploymentPostprocessing = 0;
		};
		B3EEB4941A1EA87C006DE679 /* Sources */ = {
			isa = PBXSourcesBuildPhase;
			buildActionMask = 2147483647;
			files = (
				B3EEB49F1A1EA87C006DE679 /* SpeedMazeTests.m in Sources */,
			);
			runOnlyForDeploymentPostprocessing = 0;
		};
/* End PBXSourcesBuildPhase section */

/* Begin PBXTargetDependency section */
		B3EEB49A1A1EA87C006DE679 /* PBXTargetDependency */ = {
			isa = PBXTargetDependency;
			target = B3EEB4791A1EA87B006DE679 /* SpeedMaze */;
			targetProxy = B3EEB4991A1EA87C006DE679 /* PBXContainerItemProxy */;
		};
/* End PBXTargetDependency section */

/* Begin PBXVariantGroup section */
		B3EEB48C1A1EA87B006DE679 /* Main.storyboard */ = {
			isa = PBXVariantGroup;
			children = (
				B3EEB48D1A1EA87B006DE679 /* Base */,
			);
			name = Main.storyboard;
			sourceTree = "<group>";
		};
		B3EEB4911A1EA87B006DE679 /* LaunchScreen.xib */ = {
			isa = PBXVariantGroup;
			children = (
				B3EEB4921A1EA87B006DE679 /* Base */,
			);
			name = LaunchScreen.xib;
			sourceTree = "<group>";
		};
/* End PBXVariantGroup section */

/* Begin XCBuildConfiguration section */
		B3EEB4A01A1EA87C006DE679 /* Debug */ = {
			isa = XCBuildConfiguration;
			buildSettings = {
				ALWAYS_SEARCH_USER_PATHS = NO;
				CLANG_CXX_LANGUAGE_STANDARD = "gnu++0x";
				CLANG_CXX_LIBRARY = "libc++";
				CLANG_ENABLE_MODULES = YES;
				CLANG_ENABLE_OBJC_ARC = YES;
				CLANG_WARN_BOOL_CONVERSION = YES;
				CLANG_WARN_CONSTANT_CONVERSION = YES;
				CLANG_WARN_DIRECT_OBJC_ISA_USAGE = YES_ERROR;
				CLANG_WARN_EMPTY_BODY = YES;
				CLANG_WARN_ENUM_CONVERSION = YES;
				CLANG_WARN_INT_CONVERSION = YES;
				CLANG_WARN_OBJC_ROOT_CLASS = YES_ERROR;
				CLANG_WARN_UNREACHABLE_CODE = YES;
				CLANG_WARN__DUPLICATE_METHOD_MATCH = YES;
				"CODE_SIGN_IDENTITY[sdk=iphoneos*]" = "iPhone Developer";
				COPY_PHASE_STRIP = NO;
				ENABLE_STRICT_OBJC_MSGSEND = YES;
				GCC_C_LANGUAGE_STANDARD = gnu99;
				GCC_DYNAMIC_NO_PIC = NO;
				GCC_OPTIMIZATION_LEVEL = 0;
				GCC_PREPROCESSOR_DEFINITIONS = (
					"DEBUG=1",
					"$(inherited)",
				);
				GCC_SYMBOLS_PRIVATE_EXTERN = NO;
				GCC_WARN_64_TO_32_BIT_CONVERSION = YES;
				GCC_WARN_ABOUT_RETURN_TYPE = YES_ERROR;
				GCC_WARN_UNDECLARED_SELECTOR = YES;
				GCC_WARN_UNINITIALIZED_AUTOS = YES_AGGRESSIVE;
				GCC_WARN_UNUSED_FUNCTION = YES;
				GCC_WARN_UNUSED_VARIABLE = YES;
				IPHONEOS_DEPLOYMENT_TARGET = 8.1;
				MTL_ENABLE_DEBUG_INFO = YES;
				ONLY_ACTIVE_ARCH = YES;
				SDKROOT = iphoneos;
				TARGETED_DEVICE_FAMILY = "1,2";
			};
			name = Debug;
		};
		B3EEB4A11A1EA87C006DE679 /* Release */ = {
			isa = XCBuildConfiguration;
			buildSettings = {
				ALWAYS_SEARCH_USER_PATHS = NO;
				CLANG_CXX_LANGUAGE_STANDARD = "gnu++0x";
				CLANG_CXX_LIBRARY = "libc++";
				CLANG_ENABLE_MODULES = YES;
				CLANG_ENABLE_OBJC_ARC = YES;
				CLANG_WARN_BOOL_CONVERSION = YES;
				CLANG_WARN_CONSTANT_CONVERSION = YES;
				CLANG_WARN_DIRECT_OBJC_ISA_USAGE = YES_ERROR;
				CLANG_WARN_EMPTY_BODY = YES;
				CLANG_WARN_ENUM_CONVERSION = YES;
				CLANG_WARN_INT_CONVERSION = YES;
				CLANG_WARN_OBJC_ROOT_CLASS = YES_ERROR;
				CLANG_WARN_UNREACHABLE_CODE = YES;
				CLANG_WARN__DUPLICATE_METHOD_MATCH = YES;
				"CODE_SIGN_IDENTITY[sdk=iphoneos*]" = "iPhone Developer";
				COPY_PHASE_STRIP = YES;
				ENABLE_NS_ASSERTIONS = NO;
				ENABLE_STRICT_OBJC_MSGSEND = YES;
				GCC_C_LANGUAGE_STANDARD = gnu99;
				GCC_WARN_64_TO_32_BIT_CONVERSION = YES;
				GCC_WARN_ABOUT_RETURN_TYPE = YES_ERROR;
				GCC_WARN_UNDECLARED_SELECTOR = YES;
				GCC_WARN_UNINITIALIZED_AUTOS = YES_AGGRESSIVE;
				GCC_WARN_UNUSED_FUNCTION = YES;
				GCC_WARN_UNUSED_VARIABLE = YES;
				IPHONEOS_DEPLOYMENT_TARGET = 8.1;
				MTL_ENABLE_DEBUG_INFO = NO;
				SDKROOT = iphoneos;
				TARGETED_DEVICE_FAMILY = "1,2";
				VALIDATE_PRODUCT = YES;
			};
			name = Release;
		};
		B3EEB4A31A1EA87C006DE679 /* Debug */ = {
			isa = XCBuildConfiguration;
			buildSettings = {
				ASSETCATALOG_COMPILER_APPICON_NAME = AppIcon;
				INFOPLIST_FILE = SpeedMaze/Info.plist;
				LD_RUNPATH_SEARCH_PATHS = "$(inherited) @executable_path/Frameworks";
				PRODUCT_NAME = "$(TARGET_NAME)";
			};
			name = Debug;
		};
		B3EEB4A41A1EA87C006DE679 /* Release */ = {
			isa = XCBuildConfiguration;
			buildSettings = {
				ASSETCATALOG_COMPILER_APPICON_NAME = AppIcon;
				INFOPLIST_FILE = SpeedMaze/Info.plist;
				LD_RUNPATH_SEARCH_PATHS = "$(inherited) @executable_path/Frameworks";
				PRODUCT_NAME = "$(TARGET_NAME)";
			};
			name = Release;
		};
		B3EEB4A61A1EA87C006DE679 /* Debug */ = {
			isa = XCBuildConfiguration;
			buildSettings = {
				BUNDLE_LOADER = "$(TEST_HOST)";
				FRAMEWORK_SEARCH_PATHS = (
					"$(SDKROOT)/Developer/Library/Frameworks",
					"$(inherited)",
				);
				GCC_PREPROCESSOR_DEFINITIONS = (
					"DEBUG=1",
					"$(inherited)",
				);
				INFOPLIST_FILE = SpeedMazeTests/Info.plist;
				LD_RUNPATH_SEARCH_PATHS = "$(inherited) @executable_path/Frameworks @loader_path/Frameworks";
				PRODUCT_NAME = "$(TARGET_NAME)";
				TEST_HOST = "$(BUILT_PRODUCTS_DIR)/SpeedMaze.app/SpeedMaze";
			};
			name = Debug;
		};
		B3EEB4A71A1EA87C006DE679 /* Release */ = {
			isa = XCBuildConfiguration;
			buildSettings = {
				BUNDLE_LOADER = "$(TEST_HOST)";
				FRAMEWORK_SEARCH_PATHS = (
					"$(SDKROOT)/Developer/Library/Frameworks",
					"$(inherited)",
				);
				INFOPLIST_FILE = SpeedMazeTests/Info.plist;
				LD_RUNPATH_SEARCH_PATHS = "$(inherited) @executable_path/Frameworks @loader_path/Frameworks";
				PRODUCT_NAME = "$(TARGET_NAME)";
				TEST_HOST = "$(BUILT_PRODUCTS_DIR)/SpeedMaze.app/SpeedMaze";
			};
			name = Release;
		};
/* End XCBuildConfiguration section */

/* Begin XCConfigurationList section */
		B3EEB4751A1EA87B006DE679 /* Build configuration list for PBXProject "SpeedMaze" */ = {
			isa = XCConfigurationList;
			buildConfigurations = (
				B3EEB4A01A1EA87C006DE679 /* Debug */,
				B3EEB4A11A1EA87C006DE679 /* Release */,
			);
			defaultConfigurationIsVisible = 0;
			defaultConfigurationName = Release;
		};
		B3EEB4A21A1EA87C006DE679 /* Build configuration list for PBXNativeTarget "SpeedMaze" */ = {
			isa = XCConfigurationList;
			buildConfigurations = (
				B3EEB4A31A1EA87C006DE679 /* Debug */,
				B3EEB4A41A1EA87C006DE679 /* Release */,
			);
			defaultConfigurationIsVisible = 0;
			defaultConfigurationName = Release;
		};
		B3EEB4A51A1EA87C006DE679 /* Build configuration list for PBXNativeTarget "SpeedMazeTests" */ = {
			isa = XCConfigurationList;
			buildConfigurations = (
				B3EEB4A61A1EA87C006DE679 /* Debug */,
				B3EEB4A71A1EA87C006DE679 /* Release */,
			);
			defaultConfigurationIsVisible = 0;
			defaultConfigurationName = Release;
		};
/* End XCConfigurationList section */
	};
	rootObject = B3EEB4721A1EA87B006DE679 /* Project object */;
}
